
Microsoft Visual Studio Solution File, Format Version 12.00
# Visual Studio Version 17
VisualStudioVersion = 17.5.33530.505
MinimumVisualStudioVersion = 10.0.40219.1
Project("{FAE04EC0-301F-11D3-BF4B-00C04F79EFBC}") = "BankAccount", "BankAccount.csproj", "{17E611A4-BC61-4DED-8709-F1A4F98A02D6}"
EndProject
Global
	GlobalSection(SolutionConfigurationPlatforms) = preSolution
		Debug|Any CPU = Debug|Any CPU
		Release|Any CPU = Release|Any CPU
	EndGlobalSection
	GlobalSection(ProjectConfigurationPlatforms) = postSolution
		{17E611A4-BC61-4DED-8709-F1A4F98A02D6}.Debug|Any CPU.ActiveCfg = Debug|Any CPU
		{17E611A4-BC61-4DED-8709-F1A4F98A02D6}.Debug|Any CPU.Build.0 = Debug|Any CPU
		{17E611A4-BC61-4DED-8709-F1A4F98A02D6}.Release|Any CPU.ActiveCfg = Release|Any CPU
		{17E611A4-BC61-4DED-8709-F1A4F98A02D6}.Release|Any CPU.Build.0 = Release|Any CPU
	EndGlobalSection
	GlobalSection(SolutionProperties) = preSolution
		HideSolutionNode = FALSE
	EndGlobalSection
	GlobalSection(ExtensibilityGlobals) = postSolution
		SolutionGuid = {6F0E7347-498F-4E0D-AD3D-E316294B2DB9}
	EndGlobalSection
EndGlobal
